
Microsoft Visual Studio Solution File, Format Version 12.00
# Visual Studio 15
VisualStudioVersion = 15.0.27428.2037
MinimumVisualStudioVersion = 10.0.40219.1
Project("{FAE04EC0-301F-11D3-BF4B-00C04F79EFBC}") = "TaxInfoApp", "TaxInfoApp\TaxInfoApp.csproj", "{AB5B55D3-C78B-4634-AEDB-E9741DFD7F5C}"
EndProject
Global
	GlobalSection(SolutionConfigurationPlatforms) = preSolution
		Debug|Any CPU = Debug|Any CPU
		Release|Any CPU = Release|Any CPU
	EndGlobalSection
	GlobalSection(ProjectConfigurationPlatforms) = postSolution
		{AB5B55D3-C78B-4634-AEDB-E9741DFD7F5C}.Debug|Any CPU.ActiveCfg = Debug|Any CPU
		{AB5B55D3-C78B-4634-AEDB-E9741DFD7F5C}.Debug|Any CPU.Build.0 = Debug|Any CPU
		{AB5B55D3-C78B-4634-AEDB-E9741DFD7F5C}.Release|Any CPU.ActiveCfg = Release|Any CPU
		{AB5B55D3-C78B-4634-AEDB-E9741DFD7F5C}.Release|Any CPU.Build.0 = Release|Any CPU
	EndGlobalSection
	GlobalSection(SolutionProperties) = preSolution
		HideSolutionNode = FALSE
	EndGlobalSection
	GlobalSection(ExtensibilityGlobals) = postSolution
		SolutionGuid = {792FFF30-E109-4644-894F-4E8428F2F2C8}
	EndGlobalSection
EndGlobal
